
Microsoft Visual Studio Solution File, Format Version 12.00
# Visual Studio Version 17
VisualStudioVersion = 17.9.34723.18
MinimumVisualStudioVersion = 10.0.40219.1
Project("{FAE04EC0-301F-11D3-BF4B-00C04F79EFBC}") = "ROCloneAPI", "ROCloneAPI\ROCloneAPI.csproj", "{5AA5A08D-634A-45B4-BAD4-00484DF4488C}"
EndProject
Global
	GlobalSection(SolutionConfigurationPlatforms) = preSolution
		Debug|Any CPU = Debug|Any CPU
		Release|Any CPU = Release|Any CPU
	EndGlobalSection
	GlobalSection(ProjectConfigurationPlatforms) = postSolution
		{5AA5A08D-634A-45B4-BAD4-00484DF4488C}.Debug|Any CPU.ActiveCfg = Debug|Any CPU
		{5AA5A08D-634A-45B4-BAD4-00484DF4488C}.Debug|Any CPU.Build.0 = Debug|Any CPU
		{5AA5A08D-634A-45B4-BAD4-00484DF4488C}.Release|Any CPU.ActiveCfg = Release|Any CPU
		{5AA5A08D-634A-45B4-BAD4-00484DF4488C}.Release|Any CPU.Build.0 = Release|Any CPU
	EndGlobalSection
	GlobalSection(SolutionProperties) = preSolution
		HideSolutionNode = FALSE
	EndGlobalSection
	GlobalSection(ExtensibilityGlobals) = postSolution
		SolutionGuid = {D10DA0D0-4292-462F-8D79-56624B2AE6C8}
	EndGlobalSection
EndGlobal
